{
  "pins" : [
    {
      "identity" : "hope",
      "kind" : "remoteSourceControl",
      "location" : "https://github.com/screensailor/Hope",
      "state" : {
        "branch" : "trunk",
        "revision" : "b76209cf412ba8a78941a298ff0c5d2a58cc4e6a"
      }
    },
    {
      "identity" : "swift-argument-parser",
      "kind" : "remoteSourceControl",
      "location" : "https://github.com/apple/swift-argument-parser",
      "state" : {
        "revision" : "f3c9084a71ef4376f2fabbdf1d3d90a49f1fabdb",
        "version" : "1.1.2"
      }
    },
    {
      "identity" : "swift-collections",
      "kind" : "remoteSourceControl",
      "location" : "https://github.com/apple/swift-collections",
      "state" : {
        "revision" : "48254824bb4248676bf7ce56014ff57b142b77eb",
        "version" : "1.0.2"
      }
    }
  ],
  "version" : 2
}
